github.com/helmiel/go-say-hello v1.0.0 h1:UJWR8I1puopP+5LZerkT+vq1VzGGYijT2/HD0/NJE/A=
github.com/helmiel/go-say-hello v1.0.0/go.mod h1:g70KIwjEhj38jD/jNfjSTZ8flL3bvRRd7xSDkkYaEL8=
github.com/helmiel/go-say-hello v1.5.0 h1:nNaQ8LjPyFsAzRYLzJ85F3JtpESL+sOofKx/+2Pb5fY=
github.com/helmiel/go-say-hello v1.5.0/go.mod h1:g70KIwjEhj38jD/jNfjSTZ8flL3bvRRd7xSDkkYaEL8=
github.com/helmiel/go-say-hello/v2 v2.0.0 h1:oYqk0evhWhXoAdIXCQ2h23J449joqug/mn0tC1HQ3hU=
github.com/helmiel/go-say-hello/v2 v2.0.0/go.mod h1:SgWr76wNjdZJlkOzdNAbuioUA9yNEaM21z57vUw8reo=
